
Microsoft Visual Studio Solution File, Format Version 9.00
# Visual Studio 2005
Project("{8BC9CEB8-8B4A-11D0-8D11-00A0C91BC942}") = "http_downloader", "http_download.vcproj", "{F26357F3-115B-4A71-B898-024BD203CCBE}"
EndProject
Global
	GlobalSection(SolutionConfigurationPlatforms) = preSolution
		Debug|Win32 = Debug|Win32
		Release|Win32 = Release|Win32
	EndGlobalSection
	GlobalSection(ProjectConfigurationPlatforms) = postSolution
		{F26357F3-115B-4A71-B898-024BD203CCBE}.Debug|Win32.ActiveCfg = Debug|Win32
		{F26357F3-115B-4A71-B898-024BD203CCBE}.Debug|Win32.Build.0 = Debug|Win32
		{F26357F3-115B-4A71-B898-024BD203CCBE}.Release|Win32.ActiveCfg = Release|Win32
		{F26357F3-115B-4A71-B898-024BD203CCBE}.Release|Win32.Build.0 = Release|Win32
	EndGlobalSection
	GlobalSection(SolutionProperties) = preSolution
		HideSolutionNode = FALSE
	EndGlobalSection
EndGlobal
